
Microsoft Visual Studio Solution File, Format Version 12.00
# Visual Studio Version 17
VisualStudioVersion = 17.0.31612.314
MinimumVisualStudioVersion = 10.0.40219.1
Project("{FAE04EC0-301F-11D3-BF4B-00C04F79EFBC}") = "KPZ_Lab_6", "KPZ_Lab_6\KPZ_Lab_6.csproj", "{8DA0D803-84C9-4726-BAB4-29476B9B65C8}"
EndProject
Global
	GlobalSection(SolutionConfigurationPlatforms) = preSolution
		Debug|Any CPU = Debug|Any CPU
		Release|Any CPU = Release|Any CPU
	EndGlobalSection
	GlobalSection(ProjectConfigurationPlatforms) = postSolution
		{8DA0D803-84C9-4726-BAB4-29476B9B65C8}.Debug|Any CPU.ActiveCfg = Debug|Any CPU
		{8DA0D803-84C9-4726-BAB4-29476B9B65C8}.Debug|Any CPU.Build.0 = Debug|Any CPU
		{8DA0D803-84C9-4726-BAB4-29476B9B65C8}.Release|Any CPU.ActiveCfg = Release|Any CPU
		{8DA0D803-84C9-4726-BAB4-29476B9B65C8}.Release|Any CPU.Build.0 = Release|Any CPU
	EndGlobalSection
	GlobalSection(SolutionProperties) = preSolution
		HideSolutionNode = FALSE
	EndGlobalSection
	GlobalSection(ExtensibilityGlobals) = postSolution
		SolutionGuid = {97D25219-CE45-4390-86C0-3B5373699CD9}
	EndGlobalSection
EndGlobal
